
Microsoft Visual Studio Solution File, Format Version 12.00
# Visual Studio Version 17
VisualStudioVersion = 17.0.31903.59
MinimumVisualStudioVersion = 10.0.40219.1
Project("{FAE04EC0-301F-11D3-BF4B-00C04F79EFBC}") = "GenericParse", "GenericParse\GenericParse.csproj", "{5D90313D-08CD-431F-B83F-B36CA4D39AB2}"
EndProject
Project("{FAE04EC0-301F-11D3-BF4B-00C04F79EFBC}") = "ListPattern", "ListPattern\ListPattern.csproj", "{06A23CEB-0E89-47CE-9F9C-05C4DE07FF17}"
EndProject
Project("{FAE04EC0-301F-11D3-BF4B-00C04F79EFBC}") = "RawStringLiterals", "RawStringLiterals\RawStringLiterals.csproj", "{7D3E2C67-193D-4B9C-83D9-53A4981C2CE8}"
EndProject
Project("{FAE04EC0-301F-11D3-BF4B-00C04F79EFBC}") = "RequiredModifier", "RequiredModifier\RequiredModifier.csproj", "{F30C7951-E592-4ADA-BF20-3B3057C34B7D}"
EndProject
Project("{FAE04EC0-301F-11D3-BF4B-00C04F79EFBC}") = "AsyncEnumerableDataflow", "AsyncEnumerableDataflow\AsyncEnumerableDataflow.csproj", "{8682B2CA-550D-4F35-9A33-44D7B54E057C}"
EndProject
Global
	GlobalSection(SolutionConfigurationPlatforms) = preSolution
		Debug|Any CPU = Debug|Any CPU
		Release|Any CPU = Release|Any CPU
	EndGlobalSection
	GlobalSection(SolutionProperties) = preSolution
		HideSolutionNode = FALSE
	EndGlobalSection
	GlobalSection(ProjectConfigurationPlatforms) = postSolution
		{5D90313D-08CD-431F-B83F-B36CA4D39AB2}.Debug|Any CPU.ActiveCfg = Debug|Any CPU
		{5D90313D-08CD-431F-B83F-B36CA4D39AB2}.Debug|Any CPU.Build.0 = Debug|Any CPU
		{5D90313D-08CD-431F-B83F-B36CA4D39AB2}.Release|Any CPU.ActiveCfg = Release|Any CPU
		{5D90313D-08CD-431F-B83F-B36CA4D39AB2}.Release|Any CPU.Build.0 = Release|Any CPU
		{06A23CEB-0E89-47CE-9F9C-05C4DE07FF17}.Debug|Any CPU.ActiveCfg = Debug|Any CPU
		{06A23CEB-0E89-47CE-9F9C-05C4DE07FF17}.Debug|Any CPU.Build.0 = Debug|Any CPU
		{06A23CEB-0E89-47CE-9F9C-05C4DE07FF17}.Release|Any CPU.ActiveCfg = Release|Any CPU
		{06A23CEB-0E89-47CE-9F9C-05C4DE07FF17}.Release|Any CPU.Build.0 = Release|Any CPU
		{7D3E2C67-193D-4B9C-83D9-53A4981C2CE8}.Debug|Any CPU.ActiveCfg = Debug|Any CPU
		{7D3E2C67-193D-4B9C-83D9-53A4981C2CE8}.Debug|Any CPU.Build.0 = Debug|Any CPU
		{7D3E2C67-193D-4B9C-83D9-53A4981C2CE8}.Release|Any CPU.ActiveCfg = Release|Any CPU
		{7D3E2C67-193D-4B9C-83D9-53A4981C2CE8}.Release|Any CPU.Build.0 = Release|Any CPU
		{F30C7951-E592-4ADA-BF20-3B3057C34B7D}.Debug|Any CPU.ActiveCfg = Debug|Any CPU
		{F30C7951-E592-4ADA-BF20-3B3057C34B7D}.Debug|Any CPU.Build.0 = Debug|Any CPU
		{F30C7951-E592-4ADA-BF20-3B3057C34B7D}.Release|Any CPU.ActiveCfg = Release|Any CPU
		{F30C7951-E592-4ADA-BF20-3B3057C34B7D}.Release|Any CPU.Build.0 = Release|Any CPU
		{8682B2CA-550D-4F35-9A33-44D7B54E057C}.Debug|Any CPU.ActiveCfg = Debug|Any CPU
		{8682B2CA-550D-4F35-9A33-44D7B54E057C}.Debug|Any CPU.Build.0 = Debug|Any CPU
		{8682B2CA-550D-4F35-9A33-44D7B54E057C}.Release|Any CPU.ActiveCfg = Release|Any CPU
		{8682B2CA-550D-4F35-9A33-44D7B54E057C}.Release|Any CPU.Build.0 = Release|Any CPU
	EndGlobalSection
EndGlobal
